
Microsoft Visual Studio Solution File, Format Version 12.00
# Visual Studio Version 17
VisualStudioVersion = 17.5.002.0
MinimumVisualStudioVersion = 10.0.40219.1
Project("{2150E333-8FDC-42A3-9474-1A3956D46DE8}") = "week01", "week01", "{566181BA-7CF7-460B-8918-EC6509AD3616}"
EndProject
Project("{9A19103F-16F7-4668-BE54-9A1E7A4F7556}") = "code", "week01\code\code.csproj", "{AD0DB0D2-DF9D-4263-B356-77D55F640D5D}"
EndProject
Project("{9A19103F-16F7-4668-BE54-9A1E7A4F7556}") = "analyze", "week01\analyze\analyze.csproj", "{76E59319-7F1C-4AC5-BAA7-82BD25D6FB4A}"
EndProject
Project("{9A19103F-16F7-4668-BE54-9A1E7A4F7556}") = "teach", "week01\teach\teach.csproj", "{300217DD-3A84-4FED-B316-E2E97717F2AE}"
EndProject
Project("{2150E333-8FDC-42A3-9474-1A3956D46DE8}") = "week06", "week06", "{49F80738-90FE-4F31-88EF-58C9C6E52DDD}"
EndProject
Project("{9A19103F-16F7-4668-BE54-9A1E7A4F7556}") = "code", "week06\code\code.csproj", "{12797C96-C7A7-4DEB-8A73-A590004058F3}"
EndProject
Project("{2150E333-8FDC-42A3-9474-1A3956D46DE8}") = "sandbox", "sandbox", "{ECB54C7B-33FC-41CB-B010-7C31AEFBCC98}"
EndProject
Project("{9A19103F-16F7-4668-BE54-9A1E7A4F7556}") = "sandbox_project", "sandbox\sandbox_project\sandbox_project.csproj", "{7F3014EC-6B8D-449E-84DC-CA6718B7306C}"
EndProject
Project("{2150E333-8FDC-42A3-9474-1A3956D46DE8}") = "week05", "week05", "{C6151DC0-C33A-41A0-BCF3-16D54527FBFE}"
EndProject
Project("{9A19103F-16F7-4668-BE54-9A1E7A4F7556}") = "code", "week05\code\code.csproj", "{7EC6D2C1-5A46-43B9-9666-E979DC17811C}"
EndProject
Project("{2150E333-8FDC-42A3-9474-1A3956D46DE8}") = "week02", "week02", "{5E233695-9615-4063-860A-504EEB865F1C}"
EndProject
Project("{9A19103F-16F7-4668-BE54-9A1E7A4F7556}") = "learn", "week02\learn\learn.csproj", "{EDE0E271-C6F4-4E0E-BC17-3923260DC342}"
EndProject
Project("{9A19103F-16F7-4668-BE54-9A1E7A4F7556}") = "code", "week02\code\code.csproj", "{035A8938-F3F2-42DF-B3A3-F53B4B090EA9}"
EndProject
Project("{9A19103F-16F7-4668-BE54-9A1E7A4F7556}") = "analyze", "week02\analyze\analyze.csproj", "{E7D53282-4EA8-47AA-8BB2-DFA5D4550371}"
EndProject
Project("{9A19103F-16F7-4668-BE54-9A1E7A4F7556}") = "teach", "week02\teach\teach.csproj", "{C337683D-1C68-4639-AF3B-449C0058FF01}"
EndProject
Project("{2150E333-8FDC-42A3-9474-1A3956D46DE8}") = "week03", "week03", "{6C6A3DA7-D9DC-4754-8A44-7A06F3EE9C96}"
EndProject
Project("{9A19103F-16F7-4668-BE54-9A1E7A4F7556}") = "learn", "week03\learn\learn.csproj", "{EDC0AB7C-CE97-4F32-BE47-AEA698725D9C}"
EndProject
Project("{9A19103F-16F7-4668-BE54-9A1E7A4F7556}") = "code", "week03\code\code.csproj", "{AB1F4CB2-474B-496C-95F0-09007C3C2055}"
EndProject
Project("{9A19103F-16F7-4668-BE54-9A1E7A4F7556}") = "teach", "week03\teach\teach.csproj", "{BF85EE8C-D30F-4A50-85A3-153C95E8D573}"
EndProject
Project("{2150E333-8FDC-42A3-9474-1A3956D46DE8}") = "week04", "week04", "{CB21EB22-2538-4B70-A78F-D3F084F0791C}"
EndProject
Project("{9A19103F-16F7-4668-BE54-9A1E7A4F7556}") = "code", "week04\code\code.csproj", "{B441A374-B22A-42B7-83DE-5C3CF32D9320}"
EndProject
Global
	GlobalSection(SolutionConfigurationPlatforms) = preSolution
		Debug|Any CPU = Debug|Any CPU
		Release|Any CPU = Release|Any CPU
	EndGlobalSection
	GlobalSection(ProjectConfigurationPlatforms) = postSolution
		{AD0DB0D2-DF9D-4263-B356-77D55F640D5D}.Debug|Any CPU.ActiveCfg = Debug|Any CPU
		{AD0DB0D2-DF9D-4263-B356-77D55F640D5D}.Debug|Any CPU.Build.0 = Debug|Any CPU
		{AD0DB0D2-DF9D-4263-B356-77D55F640D5D}.Release|Any CPU.ActiveCfg = Release|Any CPU
		{AD0DB0D2-DF9D-4263-B356-77D55F640D5D}.Release|Any CPU.Build.0 = Release|Any CPU
		{76E59319-7F1C-4AC5-BAA7-82BD25D6FB4A}.Debug|Any CPU.ActiveCfg = Debug|Any CPU
		{76E59319-7F1C-4AC5-BAA7-82BD25D6FB4A}.Debug|Any CPU.Build.0 = Debug|Any CPU
		{76E59319-7F1C-4AC5-BAA7-82BD25D6FB4A}.Release|Any CPU.ActiveCfg = Release|Any CPU
		{76E59319-7F1C-4AC5-BAA7-82BD25D6FB4A}.Release|Any CPU.Build.0 = Release|Any CPU
		{300217DD-3A84-4FED-B316-E2E97717F2AE}.Debug|Any CPU.ActiveCfg = Debug|Any CPU
		{300217DD-3A84-4FED-B316-E2E97717F2AE}.Debug|Any CPU.Build.0 = Debug|Any CPU
		{300217DD-3A84-4FED-B316-E2E97717F2AE}.Release|Any CPU.ActiveCfg = Release|Any CPU
		{300217DD-3A84-4FED-B316-E2E97717F2AE}.Release|Any CPU.Build.0 = Release|Any CPU
		{12797C96-C7A7-4DEB-8A73-A590004058F3}.Debug|Any CPU.ActiveCfg = Debug|Any CPU
		{12797C96-C7A7-4DEB-8A73-A590004058F3}.Debug|Any CPU.Build.0 = Debug|Any CPU
		{12797C96-C7A7-4DEB-8A73-A590004058F3}.Release|Any CPU.ActiveCfg = Release|Any CPU
		{12797C96-C7A7-4DEB-8A73-A590004058F3}.Release|Any CPU.Build.0 = Release|Any CPU
		{7F3014EC-6B8D-449E-84DC-CA6718B7306C}.Debug|Any CPU.ActiveCfg = Debug|Any CPU
		{7F3014EC-6B8D-449E-84DC-CA6718B7306C}.Debug|Any CPU.Build.0 = Debug|Any CPU
		{7F3014EC-6B8D-449E-84DC-CA6718B7306C}.Release|Any CPU.ActiveCfg = Release|Any CPU
		{7F3014EC-6B8D-449E-84DC-CA6718B7306C}.Release|Any CPU.Build.0 = Release|Any CPU
		{7EC6D2C1-5A46-43B9-9666-E979DC17811C}.Debug|Any CPU.ActiveCfg = Debug|Any CPU
		{7EC6D2C1-5A46-43B9-9666-E979DC17811C}.Debug|Any CPU.Build.0 = Debug|Any CPU
		{7EC6D2C1-5A46-43B9-9666-E979DC17811C}.Release|Any CPU.ActiveCfg = Release|Any CPU
		{7EC6D2C1-5A46-43B9-9666-E979DC17811C}.Release|Any CPU.Build.0 = Release|Any CPU
		{EDE0E271-C6F4-4E0E-BC17-3923260DC342}.Debug|Any CPU.ActiveCfg = Debug|Any CPU
		{EDE0E271-C6F4-4E0E-BC17-3923260DC342}.Debug|Any CPU.Build.0 = Debug|Any CPU
		{EDE0E271-C6F4-4E0E-BC17-3923260DC342}.Release|Any CPU.ActiveCfg = Release|Any CPU
		{EDE0E271-C6F4-4E0E-BC17-3923260DC342}.Release|Any CPU.Build.0 = Release|Any CPU
		{035A8938-F3F2-42DF-B3A3-F53B4B090EA9}.Debug|Any CPU.ActiveCfg = Debug|Any CPU
		{035A8938-F3F2-42DF-B3A3-F53B4B090EA9}.Debug|Any CPU.Build.0 = Debug|Any CPU
		{035A8938-F3F2-42DF-B3A3-F53B4B090EA9}.Release|Any CPU.ActiveCfg = Release|Any CPU
		{035A8938-F3F2-42DF-B3A3-F53B4B090EA9}.Release|Any CPU.Build.0 = Release|Any CPU
		{E7D53282-4EA8-47AA-8BB2-DFA5D4550371}.Debug|Any CPU.ActiveCfg = Debug|Any CPU
		{E7D53282-4EA8-47AA-8BB2-DFA5D4550371}.Debug|Any CPU.Build.0 = Debug|Any CPU
		{E7D53282-4EA8-47AA-8BB2-DFA5D4550371}.Release|Any CPU.ActiveCfg = Release|Any CPU
		{E7D53282-4EA8-47AA-8BB2-DFA5D4550371}.Release|Any CPU.Build.0 = Release|Any CPU
		{C337683D-1C68-4639-AF3B-449C0058FF01}.Debug|Any CPU.ActiveCfg = Debug|Any CPU
		{C337683D-1C68-4639-AF3B-449C0058FF01}.Debug|Any CPU.Build.0 = Debug|Any CPU
		{C337683D-1C68-4639-AF3B-449C0058FF01}.Release|Any CPU.ActiveCfg = Release|Any CPU
		{C337683D-1C68-4639-AF3B-449C0058FF01}.Release|Any CPU.Build.0 = Release|Any CPU
		{EDC0AB7C-CE97-4F32-BE47-AEA698725D9C}.Debug|Any CPU.ActiveCfg = Debug|Any CPU
		{EDC0AB7C-CE97-4F32-BE47-AEA698725D9C}.Debug|Any CPU.Build.0 = Debug|Any CPU
		{EDC0AB7C-CE97-4F32-BE47-AEA698725D9C}.Release|Any CPU.ActiveCfg = Release|Any CPU
		{EDC0AB7C-CE97-4F32-BE47-AEA698725D9C}.Release|Any CPU.Build.0 = Release|Any CPU
		{AB1F4CB2-474B-496C-95F0-09007C3C2055}.Debug|Any CPU.ActiveCfg = Debug|Any CPU
		{AB1F4CB2-474B-496C-95F0-09007C3C2055}.Debug|Any CPU.Build.0 = Debug|Any CPU
		{AB1F4CB2-474B-496C-95F0-09007C3C2055}.Release|Any CPU.ActiveCfg = Release|Any CPU
		{AB1F4CB2-474B-496C-95F0-09007C3C2055}.Release|Any CPU.Build.0 = Release|Any CPU
		{BF85EE8C-D30F-4A50-85A3-153C95E8D573}.Debug|Any CPU.ActiveCfg = Debug|Any CPU
		{BF85EE8C-D30F-4A50-85A3-153C95E8D573}.Debug|Any CPU.Build.0 = Debug|Any CPU
		{BF85EE8C-D30F-4A50-85A3-153C95E8D573}.Release|Any CPU.ActiveCfg = Release|Any CPU
		{BF85EE8C-D30F-4A50-85A3-153C95E8D573}.Release|Any CPU.Build.0 = Release|Any CPU
		{B441A374-B22A-42B7-83DE-5C3CF32D9320}.Debug|Any CPU.ActiveCfg = Debug|Any CPU
		{B441A374-B22A-42B7-83DE-5C3CF32D9320}.Debug|Any CPU.Build.0 = Debug|Any CPU
		{B441A374-B22A-42B7-83DE-5C3CF32D9320}.Release|Any CPU.ActiveCfg = Release|Any CPU
		{B441A374-B22A-42B7-83DE-5C3CF32D9320}.Release|Any CPU.Build.0 = Release|Any CPU
	EndGlobalSection
	GlobalSection(SolutionProperties) = preSolution
		HideSolutionNode = FALSE
	EndGlobalSection
	GlobalSection(NestedProjects) = preSolution
		{AD0DB0D2-DF9D-4263-B356-77D55F640D5D} = {566181BA-7CF7-460B-8918-EC6509AD3616}
		{76E59319-7F1C-4AC5-BAA7-82BD25D6FB4A} = {566181BA-7CF7-460B-8918-EC6509AD3616}
		{300217DD-3A84-4FED-B316-E2E97717F2AE} = {566181BA-7CF7-460B-8918-EC6509AD3616}
		{12797C96-C7A7-4DEB-8A73-A590004058F3} = {49F80738-90FE-4F31-88EF-58C9C6E52DDD}
		{7F3014EC-6B8D-449E-84DC-CA6718B7306C} = {ECB54C7B-33FC-41CB-B010-7C31AEFBCC98}
		{7EC6D2C1-5A46-43B9-9666-E979DC17811C} = {C6151DC0-C33A-41A0-BCF3-16D54527FBFE}
		{EDE0E271-C6F4-4E0E-BC17-3923260DC342} = {5E233695-9615-4063-860A-504EEB865F1C}
		{035A8938-F3F2-42DF-B3A3-F53B4B090EA9} = {5E233695-9615-4063-860A-504EEB865F1C}
		{E7D53282-4EA8-47AA-8BB2-DFA5D4550371} = {5E233695-9615-4063-860A-504EEB865F1C}
		{C337683D-1C68-4639-AF3B-449C0058FF01} = {5E233695-9615-4063-860A-504EEB865F1C}
		{EDC0AB7C-CE97-4F32-BE47-AEA698725D9C} = {6C6A3DA7-D9DC-4754-8A44-7A06F3EE9C96}
		{AB1F4CB2-474B-496C-95F0-09007C3C2055} = {6C6A3DA7-D9DC-4754-8A44-7A06F3EE9C96}
		{BF85EE8C-D30F-4A50-85A3-153C95E8D573} = {6C6A3DA7-D9DC-4754-8A44-7A06F3EE9C96}
		{B441A374-B22A-42B7-83DE-5C3CF32D9320} = {CB21EB22-2538-4B70-A78F-D3F084F0791C}
	EndGlobalSection
	GlobalSection(ExtensibilityGlobals) = postSolution
		SolutionGuid = {6D1270EE-BB4C-42E4-8B9E-CB23C7603714}
	EndGlobalSection
EndGlobal
